{
  "nodes": {
    "fenix": {
      "inputs": {
        "nixpkgs": [
          "nixpkgs"
        ],
        "rust-analyzer-src": "rust-analyzer-src"
      },
      "locked": {
        "lastModified": 1785146392,
        "narHash": "sha256-XOU4aG8jroBwvA4vegmD7m7jopuRHJIMX3j7/WUUJgM=",
        "owner": "nix-community",
        "repo": "fenix",
        "rev": "44a90ec0ed3ba33823fa5acd6d8614b7d3eaa9b1",
        "type": "github"
      },
      "original": {
        "owner": "nix-community",
        "repo": "fenix",
        "type": "github"
      }
    },
    "nixpkgs": {
      "locked": {
        "lastModified": 1782847189,
        "narHash": "sha256-twXPFqFsrrY5r28Zh7Homgcp2gUMBgQ6WDS98Q/3xFI=",
        "owner": "nixos",
        "repo": "nixpkgs",
        "rev": "b6018f87da91d19d0ab4cf979885689b469cdd41",
        "type": "github"
      },
      "original": {
        "owner": "nixos",
        "ref": "nixos-25.11",
        "repo": "nixpkgs",
        "type": "github"
      }
    },
    "root": {
      "inputs": {
        "fenix": "fenix",
        "nixpkgs": "nixpkgs"
      }
    },
    "rust-analyzer-src": {
      "flake": false,
      "locked": {
        "lastModified": 1785084284,
        "narHash": "sha256-aa+pBL1RU/8E/H4AXsogUI3pDukwsqb+uGl9Pwys/B0=",
        "owner": "rust-lang",
        "repo": "rust-analyzer",
        "rev": "12c3381f0b17b8eec21075d1c72fd010996a9bda",
        "type": "github"
      },
      "original": {
        "owner": "rust-lang",
        "ref": "nightly",
        "repo": "rust-analyzer",
        "type": "github"
      }
    }
  },
  "root": "root",
  "version": 7
}
